
Microsoft Visual Studio Solution File, Format Version 12.00
# Visual Studio Version 17
VisualStudioVersion = 17.14.36414.22
MinimumVisualStudioVersion = 10.0.40219.1
Project("{2150E333-8FDC-42A3-9474-1A3956D46DE8}") = "src", "src", "{02EA681E-C7D8-13C7-8484-4AC65E1B71E8}"
EndProject
Project("{2150E333-8FDC-42A3-9474-1A3956D46DE8}") = "ApiGateways", "ApiGateways", "{969543FE-4900-437D-A011-0EEF32960C84}"
EndProject
Project("{2150E333-8FDC-42A3-9474-1A3956D46DE8}") = "Services", "Services", "{B56A9545-91D4-4C5C-A67C-FF3DAFFE1F88}"
EndProject
Project("{2150E333-8FDC-42A3-9474-1A3956D46DE8}") = "BuildingBlocks", "BuildingBlocks", "{079588AA-9AD3-4E1B-BD4A-6E8B9CF096D0}"
EndProject
Project("{FAE04EC0-301F-11D3-BF4B-00C04F79EFBC}") = "AgentPortalGateway.API", "AgentPortalGateway.API\AgentPortalGateway.API.csproj", "{1F05F0EF-078C-4287-8709-D3218D9ABF7C}"
EndProject
Project("{FAE04EC0-301F-11D3-BF4B-00C04F79EFBC}") = "AgentPortalGateway.Implementation", "AgentPortalGateway.Implementation\AgentPortalGateway.Implementation.csproj", "{B009D5DB-6D69-460B-AEC2-9A2FE7CC987D}"
EndProject
Project("{FAE04EC0-301F-11D3-BF4B-00C04F79EFBC}") = "AgentPortalGateway.Tests", "AgentPortalGateway.Tests\AgentPortalGateway.Tests.csproj", "{81C91AC2-F61A-4FBF-934F-2CF94B0E50D2}"
EndProject
Project("{2150E333-8FDC-42A3-9474-1A3956D46DE8}") = "PolicyService", "PolicyService", "{6517B3BB-8F95-4D00-9C08-5A8A12317B5C}"
EndProject
Project("{2150E333-8FDC-42A3-9474-1A3956D46DE8}") = "Policy", "Policy", "{6CF02C09-52FB-4DDD-979B-680632336224}"
EndProject
Project("{2150E333-8FDC-42A3-9474-1A3956D46DE8}") = "ChatService", "ChatService", "{E094651A-5CCC-41D7-B169-FD833620DAEB}"
EndProject
Project("{2150E333-8FDC-42A3-9474-1A3956D46DE8}") = "AuthService", "AuthService", "{81734EF0-2120-462E-A499-E2730309B669}"
EndProject
Project("{2150E333-8FDC-42A3-9474-1A3956D46DE8}") = "ProductService", "ProductService", "{5C427F1D-2D88-485E-92E4-143A5445DE97}"
EndProject
Project("{2150E333-8FDC-42A3-9474-1A3956D46DE8}") = "PricingService", "PricingService", "{88943D06-59E3-43B8-AB99-76E102203090}"
EndProject
Project("{2150E333-8FDC-42A3-9474-1A3956D46DE8}") = "PolicySearchService", "PolicySearchService", "{8EDBF9EC-D769-40C3-91E9-C86ACCDD5F0C}"
EndProject
Project("{2150E333-8FDC-42A3-9474-1A3956D46DE8}") = "Pricing", "Pricing", "{F51E6166-A257-4533-A4CD-1DA988EA1723}"
EndProject
Project("{2150E333-8FDC-42A3-9474-1A3956D46DE8}") = "PolicySearch", "PolicySearch", "{00777AD2-C360-43D5-AAC2-2E7A87AF47EF}"
EndProject
Project("{2150E333-8FDC-42A3-9474-1A3956D46DE8}") = "PaymentService", "PaymentService", "{4B9FF918-A81D-4FEF-A9DC-45EBD062A832}"
EndProject
Project("{2150E333-8FDC-42A3-9474-1A3956D46DE8}") = "Document", "Document", "{C8CFA1AB-608B-4D02-8744-4D320EB07DC6}"
EndProject
Project("{FAE04EC0-301F-11D3-BF4B-00C04F79EFBC}") = "Document.Implementation", "Document.Implementation\Document.Implementation.csproj", "{7A27DBF9-86C2-4485-87F0-45CBCDBC5180}"
EndProject
Project("{FAE04EC0-301F-11D3-BF4B-00C04F79EFBC}") = "Document.Tests", "Document.Tests\Document.Tests.csproj", "{0D6182FE-B614-4569-9593-253789AE7932}"
EndProject
Project("{FAE04EC0-301F-11D3-BF4B-00C04F79EFBC}") = "EventBus", "EventBus\EventBus.csproj", "{7A1F6D8A-B5D3-4E53-9280-765B48EC4A4D}"
EndProject
Project("{FAE04EC0-301F-11D3-BF4B-00C04F79EFBC}") = "SharedKernel", "SharedKernel\SharedKernel.csproj", "{02E89E3D-1CCE-488A-B9AF-B0DDC988A568}"
EndProject
Project("{FAE04EC0-301F-11D3-BF4B-00C04F79EFBC}") = "Common", "Common\Common.csproj", "{479931FD-7A3C-4FFC-9443-26F16854E56B}"
EndProject
Project("{FAE04EC0-301F-11D3-BF4B-00C04F79EFBC}") = "Document.API", "Document.API\Document.API.csproj", "{C62D0B98-722E-4316-869C-D6D409E64F64}"
EndProject
Project("{2150E333-8FDC-42A3-9474-1A3956D46DE8}") = "postgres", "postgres", "{B3530705-7F25-42EB-85E4-EA33CE4A2FDB}"
	ProjectSection(SolutionItems) = preProject
		..\postgres\postgres\createdatabases.sql = ..\postgres\postgres\createdatabases.sql
		..\postgres\postgres\Dockerfile = ..\postgres\postgres\Dockerfile
	EndProjectSection
EndProject
Project("{E24C65DC-7377-472B-9ABA-BC803B73C61A}") = "BlazorWasmClient", "..\BlazorWasmClient\", "{DD093E98-F8E1-3217-59DD-5ADF630C35D9}"
	ProjectSection(WebsiteProperties) = preProject
		TargetFrameworkMoniker = ".NETFramework,Version%3Dv4.8.1"
		Debug.AspNetCompiler.VirtualPath = "/localhost_63464"
		Debug.AspNetCompiler.PhysicalPath = "..\BlazorWasmClient\"
		Debug.AspNetCompiler.TargetPath = "PrecompiledWeb\localhost_63464\"
		Debug.AspNetCompiler.Updateable = "true"
		Debug.AspNetCompiler.ForceOverwrite = "true"
		Debug.AspNetCompiler.FixedNames = "false"
		Debug.AspNetCompiler.Debug = "True"
		Release.AspNetCompiler.VirtualPath = "/localhost_63464"
		Release.AspNetCompiler.PhysicalPath = "..\BlazorWasmClient\"
		Release.AspNetCompiler.TargetPath = "PrecompiledWeb\localhost_63464\"
		Release.AspNetCompiler.Updateable = "true"
		Release.AspNetCompiler.ForceOverwrite = "true"
		Release.AspNetCompiler.FixedNames = "false"
		Release.AspNetCompiler.Debug = "False"
		VWDPort = "63464"
		SlnRelativePath = "..\BlazorWasmClient\"
	EndProjectSection
EndProject
Project("{E24C65DC-7377-472B-9ABA-BC803B73C61A}") = "scripts", "..\scripts\", "{12468B30-4DB0-4F9A-0292-99A1DD7D0DF0}"
	ProjectSection(WebsiteProperties) = preProject
		TargetFrameworkMoniker = ".NETFramework,Version%3Dv4.8.1"
		Debug.AspNetCompiler.VirtualPath = "/localhost_63465"
		Debug.AspNetCompiler.PhysicalPath = "..\scripts\"
		Debug.AspNetCompiler.TargetPath = "PrecompiledWeb\localhost_63465\"
		Debug.AspNetCompiler.Updateable = "true"
		Debug.AspNetCompiler.ForceOverwrite = "true"
		Debug.AspNetCompiler.FixedNames = "false"
		Debug.AspNetCompiler.Debug = "True"
		Release.AspNetCompiler.VirtualPath = "/localhost_63465"
		Release.AspNetCompiler.PhysicalPath = "..\scripts\"
		Release.AspNetCompiler.TargetPath = "PrecompiledWeb\localhost_63465\"
		Release.AspNetCompiler.Updateable = "true"
		Release.AspNetCompiler.ForceOverwrite = "true"
		Release.AspNetCompiler.FixedNames = "false"
		Release.AspNetCompiler.Debug = "False"
		VWDPort = "63465"
		SlnRelativePath = "..\scripts\"
	EndProjectSection
EndProject
Project("{E24C65DC-7377-472B-9ABA-BC803B73C61A}") = "Web", "..\Web\", "{14E6C5C2-EEF7-24DD-F17B-FC530F5939AB}"
	ProjectSection(WebsiteProperties) = preProject
		TargetFrameworkMoniker = ".NETFramework,Version%3Dv4.8.1"
		Debug.AspNetCompiler.VirtualPath = "/localhost_63468"
		Debug.AspNetCompiler.PhysicalPath = "..\Web\"
		Debug.AspNetCompiler.TargetPath = "PrecompiledWeb\localhost_63468\"
		Debug.AspNetCompiler.Updateable = "true"
		Debug.AspNetCompiler.ForceOverwrite = "true"
		Debug.AspNetCompiler.FixedNames = "false"
		Debug.AspNetCompiler.Debug = "True"
		Release.AspNetCompiler.VirtualPath = "/localhost_63468"
		Release.AspNetCompiler.PhysicalPath = "..\Web\"
		Release.AspNetCompiler.TargetPath = "PrecompiledWeb\localhost_63468\"
		Release.AspNetCompiler.Updateable = "true"
		Release.AspNetCompiler.ForceOverwrite = "true"
		Release.AspNetCompiler.FixedNames = "false"
		Release.AspNetCompiler.Debug = "False"
		VWDPort = "63468"
		SlnRelativePath = "..\Web\"
	EndProjectSection
EndProject
Project("{E24C65DC-7377-472B-9ABA-BC803B73C61A}") = "eureka-server", "..\eureka-server\", "{BFFDA2A2-2B00-6CF8-7503-7CBDA22F97BC}"
	ProjectSection(WebsiteProperties) = preProject
		TargetFrameworkMoniker = ".NETFramework,Version%3Dv4.8.1"
		Debug.AspNetCompiler.VirtualPath = "/localhost_65296"
		Debug.AspNetCompiler.PhysicalPath = "..\eureka-server\"
		Debug.AspNetCompiler.TargetPath = "PrecompiledWeb\localhost_65296\"
		Debug.AspNetCompiler.Updateable = "true"
		Debug.AspNetCompiler.ForceOverwrite = "true"
		Debug.AspNetCompiler.FixedNames = "false"
		Debug.AspNetCompiler.Debug = "True"
		Release.AspNetCompiler.VirtualPath = "/localhost_65296"
		Release.AspNetCompiler.PhysicalPath = "..\eureka-server\"
		Release.AspNetCompiler.TargetPath = "PrecompiledWeb\localhost_65296\"
		Release.AspNetCompiler.Updateable = "true"
		Release.AspNetCompiler.ForceOverwrite = "true"
		Release.AspNetCompiler.FixedNames = "false"
		Release.AspNetCompiler.Debug = "False"
		VWDPort = "65296"
		SlnRelativePath = "..\eureka-server\"
	EndProjectSection
EndProject
Project("{FAE04EC0-301F-11D3-BF4B-00C04F79EFBC}") = "PolicySearchService", "PolicySearchService\PolicySearchService.csproj", "{B3E6729F-40CD-2D44-A57D-0F5C044B2607}"
EndProject
Project("{FAE04EC0-301F-11D3-BF4B-00C04F79EFBC}") = "PolicySearchService.Api", "PolicySearchService.Api\PolicySearchService.Api.csproj", "{2C670D3A-0567-C4FA-0C25-33C5B1E3DD09}"
EndProject
Project("{FAE04EC0-301F-11D3-BF4B-00C04F79EFBC}") = "PolicyService", "PolicyService\PolicyService.csproj", "{0376ABBC-B0CA-D498-83E2-33A2F4F6182A}"
EndProject
Project("{FAE04EC0-301F-11D3-BF4B-00C04F79EFBC}") = "PolicyService.Api", "PolicyService.Api\PolicyService.Api.csproj", "{F2359B45-5A76-DAC1-CE22-F700277D1BBA}"
EndProject
Project("{FAE04EC0-301F-11D3-BF4B-00C04F79EFBC}") = "PricingService", "PricingService\PricingService.csproj", "{12E328EC-7DE6-DEF2-A111-1BC5A703BC1F}"
EndProject
Project("{FAE04EC0-301F-11D3-BF4B-00C04F79EFBC}") = "PricingService.Test", "PricingService.Test\PricingService.Test.csproj", "{25FFA9DB-EDB2-AF0D-08AD-F27526313D17}"
EndProject
Project("{FAE04EC0-301F-11D3-BF4B-00C04F79EFBC}") = "PricingService.Api", "PricingService.Api\PricingService.Api.csproj", "{E1BF8FC1-D2FB-B7F7-A0A4-F26308A5148F}"
EndProject
Project("{FAE04EC0-301F-11D3-BF4B-00C04F79EFBC}") = "PolicyService.Test", "PolicyService.Test\PolicyService.Test.csproj", "{165F78C5-A3D7-B031-BEF7-FA054423AEA6}"
EndProject
Project("{FAE04EC0-301F-11D3-BF4B-00C04F79EFBC}") = "AuthService", "AuthService\AuthService.csproj", "{6CDAB7B3-DE4F-6FF5-06F0-D824F083F1AF}"
EndProject
Project("{FAE04EC0-301F-11D3-BF4B-00C04F79EFBC}") = "ChatService.Api", "ChatService.Api\ChatService.Api.csproj", "{BCB534B7-739E-96EC-BFCE-5D5A7A12A36F}"
EndProject
Project("{FAE04EC0-301F-11D3-BF4B-00C04F79EFBC}") = "ChatService", "ChatService\ChatService.csproj", "{AC1CD003-DC72-C90D-BDA0-207A89E186BC}"
EndProject
Project("{2150E333-8FDC-42A3-9474-1A3956D46DE8}") = "DashboardService", "DashboardService", "{F30627CB-3D01-4AB6-8324-642215D7DF69}"
EndProject
Project("{FAE04EC0-301F-11D3-BF4B-00C04F79EFBC}") = "AgentPortalApiGateway", "AgentPortalApiGateway\AgentPortalApiGateway.csproj", "{8BDED974-C717-428C-D7B1-F1A2AF4831F1}"
EndProject
Project("{FAE04EC0-301F-11D3-BF4B-00C04F79EFBC}") = "DashboardService", "DashboardService\DashboardService.csproj", "{EDE85D92-590F-3D65-5534-7D3948744F78}"
EndProject
Project("{FAE04EC0-301F-11D3-BF4B-00C04F79EFBC}") = "DashboardService.Api", "DashboardService.Api\DashboardService.Api.csproj", "{A039143E-4A2A-DD22-EC03-771879B0D08A}"
EndProject
Project("{FAE04EC0-301F-11D3-BF4B-00C04F79EFBC}") = "DashboardService.Test", "DashboardService.Test\DashboardService.Test.csproj", "{97651EA6-1D21-3D5D-8AD0-AABA198F3CC9}"
EndProject
Project("{FAE04EC0-301F-11D3-BF4B-00C04F79EFBC}") = "PaymentService", "PaymentService\PaymentService.csproj", "{7DDA886F-7022-E231-A5D2-8BDF0FBB44D6}"
EndProject
Project("{FAE04EC0-301F-11D3-BF4B-00C04F79EFBC}") = "PaymentService.Api", "PaymentService.Api\PaymentService.Api.csproj", "{D23C3245-50E8-014D-414F-8DE5873F3DB6}"
EndProject
Project("{FAE04EC0-301F-11D3-BF4B-00C04F79EFBC}") = "PaymentService.Test", "PaymentService.Test\PaymentService.Test.csproj", "{E51C7E77-318E-9383-5070-24E8B08C8DA8}"
EndProject
Project("{FAE04EC0-301F-11D3-BF4B-00C04F79EFBC}") = "ProductService", "ProductService\ProductService.csproj", "{6BB5A0E4-A3ED-EBD8-B86F-21996AABC09A}"
EndProject
Project("{FAE04EC0-301F-11D3-BF4B-00C04F79EFBC}") = "ProductService.Api", "ProductService.Api\ProductService.Api.csproj", "{948B931E-367A-A688-41D9-22F99794D491}"
EndProject
Project("{FAE04EC0-301F-11D3-BF4B-00C04F79EFBC}") = "ProductService.Test", "ProductService.Test\ProductService.Test.csproj", "{6D66FB2E-78BC-2590-8478-7EE7A290EBD1}"
EndProject
Project("{FAE04EC0-301F-11D3-BF4B-00C04F79EFBC}") = "PricingService.IntegrationTest", "PricingService.IntegrationTest\PricingService.IntegrationTest.csproj", "{54BADB52-6CD6-94C6-B6FA-E0A7D539B9EF}"
EndProject
Global
	GlobalSection(SolutionConfigurationPlatforms) = preSolution
		Debug|Any CPU = Debug|Any CPU
		Release|Any CPU = Release|Any CPU
	EndGlobalSection
	GlobalSection(ProjectConfigurationPlatforms) = postSolution
		{1F05F0EF-078C-4287-8709-D3218D9ABF7C}.Debug|Any CPU.ActiveCfg = Debug|Any CPU
		{1F05F0EF-078C-4287-8709-D3218D9ABF7C}.Debug|Any CPU.Build.0 = Debug|Any CPU
		{1F05F0EF-078C-4287-8709-D3218D9ABF7C}.Release|Any CPU.ActiveCfg = Release|Any CPU
		{1F05F0EF-078C-4287-8709-D3218D9ABF7C}.Release|Any CPU.Build.0 = Release|Any CPU
		{B009D5DB-6D69-460B-AEC2-9A2FE7CC987D}.Debug|Any CPU.ActiveCfg = Debug|Any CPU
		{B009D5DB-6D69-460B-AEC2-9A2FE7CC987D}.Debug|Any CPU.Build.0 = Debug|Any CPU
		{B009D5DB-6D69-460B-AEC2-9A2FE7CC987D}.Release|Any CPU.ActiveCfg = Release|Any CPU
		{B009D5DB-6D69-460B-AEC2-9A2FE7CC987D}.Release|Any CPU.Build.0 = Release|Any CPU
		{81C91AC2-F61A-4FBF-934F-2CF94B0E50D2}.Debug|Any CPU.ActiveCfg = Debug|Any CPU
		{81C91AC2-F61A-4FBF-934F-2CF94B0E50D2}.Debug|Any CPU.Build.0 = Debug|Any CPU
		{81C91AC2-F61A-4FBF-934F-2CF94B0E50D2}.Release|Any CPU.ActiveCfg = Release|Any CPU
		{81C91AC2-F61A-4FBF-934F-2CF94B0E50D2}.Release|Any CPU.Build.0 = Release|Any CPU
		{7A27DBF9-86C2-4485-87F0-45CBCDBC5180}.Debug|Any CPU.ActiveCfg = Debug|Any CPU
		{7A27DBF9-86C2-4485-87F0-45CBCDBC5180}.Debug|Any CPU.Build.0 = Debug|Any CPU
		{7A27DBF9-86C2-4485-87F0-45CBCDBC5180}.Release|Any CPU.ActiveCfg = Release|Any CPU
		{7A27DBF9-86C2-4485-87F0-45CBCDBC5180}.Release|Any CPU.Build.0 = Release|Any CPU
		{0D6182FE-B614-4569-9593-253789AE7932}.Debug|Any CPU.ActiveCfg = Debug|Any CPU
		{0D6182FE-B614-4569-9593-253789AE7932}.Debug|Any CPU.Build.0 = Debug|Any CPU
		{0D6182FE-B614-4569-9593-253789AE7932}.Release|Any CPU.ActiveCfg = Release|Any CPU
		{0D6182FE-B614-4569-9593-253789AE7932}.Release|Any CPU.Build.0 = Release|Any CPU
		{7A1F6D8A-B5D3-4E53-9280-765B48EC4A4D}.Debug|Any CPU.ActiveCfg = Debug|Any CPU
		{7A1F6D8A-B5D3-4E53-9280-765B48EC4A4D}.Debug|Any CPU.Build.0 = Debug|Any CPU
		{7A1F6D8A-B5D3-4E53-9280-765B48EC4A4D}.Release|Any CPU.ActiveCfg = Release|Any CPU
		{7A1F6D8A-B5D3-4E53-9280-765B48EC4A4D}.Release|Any CPU.Build.0 = Release|Any CPU
		{02E89E3D-1CCE-488A-B9AF-B0DDC988A568}.Debug|Any CPU.ActiveCfg = Debug|Any CPU
		{02E89E3D-1CCE-488A-B9AF-B0DDC988A568}.Debug|Any CPU.Build.0 = Debug|Any CPU
		{02E89E3D-1CCE-488A-B9AF-B0DDC988A568}.Release|Any CPU.ActiveCfg = Release|Any CPU
		{02E89E3D-1CCE-488A-B9AF-B0DDC988A568}.Release|Any CPU.Build.0 = Release|Any CPU
		{479931FD-7A3C-4FFC-9443-26F16854E56B}.Debug|Any CPU.ActiveCfg = Debug|Any CPU
		{479931FD-7A3C-4FFC-9443-26F16854E56B}.Debug|Any CPU.Build.0 = Debug|Any CPU
		{479931FD-7A3C-4FFC-9443-26F16854E56B}.Release|Any CPU.ActiveCfg = Release|Any CPU
		{479931FD-7A3C-4FFC-9443-26F16854E56B}.Release|Any CPU.Build.0 = Release|Any CPU
		{C62D0B98-722E-4316-869C-D6D409E64F64}.Debug|Any CPU.ActiveCfg = Debug|Any CPU
		{C62D0B98-722E-4316-869C-D6D409E64F64}.Debug|Any CPU.Build.0 = Debug|Any CPU
		{C62D0B98-722E-4316-869C-D6D409E64F64}.Release|Any CPU.ActiveCfg = Release|Any CPU
		{C62D0B98-722E-4316-869C-D6D409E64F64}.Release|Any CPU.Build.0 = Release|Any CPU
		{DD093E98-F8E1-3217-59DD-5ADF630C35D9}.Debug|Any CPU.ActiveCfg = Debug|Any CPU
		{DD093E98-F8E1-3217-59DD-5ADF630C35D9}.Debug|Any CPU.Build.0 = Debug|Any CPU
		{DD093E98-F8E1-3217-59DD-5ADF630C35D9}.Release|Any CPU.ActiveCfg = Debug|Any CPU
		{DD093E98-F8E1-3217-59DD-5ADF630C35D9}.Release|Any CPU.Build.0 = Debug|Any CPU
		{12468B30-4DB0-4F9A-0292-99A1DD7D0DF0}.Debug|Any CPU.ActiveCfg = Debug|Any CPU
		{12468B30-4DB0-4F9A-0292-99A1DD7D0DF0}.Debug|Any CPU.Build.0 = Debug|Any CPU
		{12468B30-4DB0-4F9A-0292-99A1DD7D0DF0}.Release|Any CPU.ActiveCfg = Debug|Any CPU
		{12468B30-4DB0-4F9A-0292-99A1DD7D0DF0}.Release|Any CPU.Build.0 = Debug|Any CPU
		{14E6C5C2-EEF7-24DD-F17B-FC530F5939AB}.Debug|Any CPU.ActiveCfg = Debug|Any CPU
		{14E6C5C2-EEF7-24DD-F17B-FC530F5939AB}.Debug|Any CPU.Build.0 = Debug|Any CPU
		{14E6C5C2-EEF7-24DD-F17B-FC530F5939AB}.Release|Any CPU.ActiveCfg = Debug|Any CPU
		{14E6C5C2-EEF7-24DD-F17B-FC530F5939AB}.Release|Any CPU.Build.0 = Debug|Any CPU
		{BFFDA2A2-2B00-6CF8-7503-7CBDA22F97BC}.Debug|Any CPU.ActiveCfg = Debug|Any CPU
		{BFFDA2A2-2B00-6CF8-7503-7CBDA22F97BC}.Debug|Any CPU.Build.0 = Debug|Any CPU
		{BFFDA2A2-2B00-6CF8-7503-7CBDA22F97BC}.Release|Any CPU.ActiveCfg = Debug|Any CPU
		{BFFDA2A2-2B00-6CF8-7503-7CBDA22F97BC}.Release|Any CPU.Build.0 = Debug|Any CPU
		{B3E6729F-40CD-2D44-A57D-0F5C044B2607}.Debug|Any CPU.ActiveCfg = Debug|Any CPU
		{B3E6729F-40CD-2D44-A57D-0F5C044B2607}.Debug|Any CPU.Build.0 = Debug|Any CPU
		{B3E6729F-40CD-2D44-A57D-0F5C044B2607}.Release|Any CPU.ActiveCfg = Release|Any CPU
		{B3E6729F-40CD-2D44-A57D-0F5C044B2607}.Release|Any CPU.Build.0 = Release|Any CPU
		{2C670D3A-0567-C4FA-0C25-33C5B1E3DD09}.Debug|Any CPU.ActiveCfg = Debug|Any CPU
		{2C670D3A-0567-C4FA-0C25-33C5B1E3DD09}.Debug|Any CPU.Build.0 = Debug|Any CPU
		{2C670D3A-0567-C4FA-0C25-33C5B1E3DD09}.Release|Any CPU.ActiveCfg = Release|Any CPU
		{2C670D3A-0567-C4FA-0C25-33C5B1E3DD09}.Release|Any CPU.Build.0 = Release|Any CPU
		{0376ABBC-B0CA-D498-83E2-33A2F4F6182A}.Debug|Any CPU.ActiveCfg = Debug|Any CPU
		{0376ABBC-B0CA-D498-83E2-33A2F4F6182A}.Debug|Any CPU.Build.0 = Debug|Any CPU
		{0376ABBC-B0CA-D498-83E2-33A2F4F6182A}.Release|Any CPU.ActiveCfg = Release|Any CPU
		{0376ABBC-B0CA-D498-83E2-33A2F4F6182A}.Release|Any CPU.Build.0 = Release|Any CPU
		{F2359B45-5A76-DAC1-CE22-F700277D1BBA}.Debug|Any CPU.ActiveCfg = Debug|Any CPU
		{F2359B45-5A76-DAC1-CE22-F700277D1BBA}.Debug|Any CPU.Build.0 = Debug|Any CPU
		{F2359B45-5A76-DAC1-CE22-F700277D1BBA}.Release|Any CPU.ActiveCfg = Release|Any CPU
		{F2359B45-5A76-DAC1-CE22-F700277D1BBA}.Release|Any CPU.Build.0 = Release|Any CPU
		{12E328EC-7DE6-DEF2-A111-1BC5A703BC1F}.Debug|Any CPU.ActiveCfg = Debug|Any CPU
		{12E328EC-7DE6-DEF2-A111-1BC5A703BC1F}.Debug|Any CPU.Build.0 = Debug|Any CPU
		{12E328EC-7DE6-DEF2-A111-1BC5A703BC1F}.Release|Any CPU.ActiveCfg = Release|Any CPU
		{12E328EC-7DE6-DEF2-A111-1BC5A703BC1F}.Release|Any CPU.Build.0 = Release|Any CPU
		{25FFA9DB-EDB2-AF0D-08AD-F27526313D17}.Debug|Any CPU.ActiveCfg = Debug|Any CPU
		{25FFA9DB-EDB2-AF0D-08AD-F27526313D17}.Debug|Any CPU.Build.0 = Debug|Any CPU
		{25FFA9DB-EDB2-AF0D-08AD-F27526313D17}.Release|Any CPU.ActiveCfg = Release|Any CPU
		{25FFA9DB-EDB2-AF0D-08AD-F27526313D17}.Release|Any CPU.Build.0 = Release|Any CPU
		{E1BF8FC1-D2FB-B7F7-A0A4-F26308A5148F}.Debug|Any CPU.ActiveCfg = Debug|Any CPU
		{E1BF8FC1-D2FB-B7F7-A0A4-F26308A5148F}.Debug|Any CPU.Build.0 = Debug|Any CPU
		{E1BF8FC1-D2FB-B7F7-A0A4-F26308A5148F}.Release|Any CPU.ActiveCfg = Release|Any CPU
		{E1BF8FC1-D2FB-B7F7-A0A4-F26308A5148F}.Release|Any CPU.Build.0 = Release|Any CPU
		{165F78C5-A3D7-B031-BEF7-FA054423AEA6}.Debug|Any CPU.ActiveCfg = Debug|Any CPU
		{165F78C5-A3D7-B031-BEF7-FA054423AEA6}.Debug|Any CPU.Build.0 = Debug|Any CPU
		{165F78C5-A3D7-B031-BEF7-FA054423AEA6}.Release|Any CPU.ActiveCfg = Release|Any CPU
		{165F78C5-A3D7-B031-BEF7-FA054423AEA6}.Release|Any CPU.Build.0 = Release|Any CPU
		{6CDAB7B3-DE4F-6FF5-06F0-D824F083F1AF}.Debug|Any CPU.ActiveCfg = Debug|Any CPU
		{6CDAB7B3-DE4F-6FF5-06F0-D824F083F1AF}.Debug|Any CPU.Build.0 = Debug|Any CPU
		{6CDAB7B3-DE4F-6FF5-06F0-D824F083F1AF}.Release|Any CPU.ActiveCfg = Release|Any CPU
		{6CDAB7B3-DE4F-6FF5-06F0-D824F083F1AF}.Release|Any CPU.Build.0 = Release|Any CPU
		{BCB534B7-739E-96EC-BFCE-5D5A7A12A36F}.Debug|Any CPU.ActiveCfg = Debug|Any CPU
		{BCB534B7-739E-96EC-BFCE-5D5A7A12A36F}.Debug|Any CPU.Build.0 = Debug|Any CPU
		{BCB534B7-739E-96EC-BFCE-5D5A7A12A36F}.Release|Any CPU.ActiveCfg = Release|Any CPU
		{BCB534B7-739E-96EC-BFCE-5D5A7A12A36F}.Release|Any CPU.Build.0 = Release|Any CPU
		{AC1CD003-DC72-C90D-BDA0-207A89E186BC}.Debug|Any CPU.ActiveCfg = Debug|Any CPU
		{AC1CD003-DC72-C90D-BDA0-207A89E186BC}.Debug|Any CPU.Build.0 = Debug|Any CPU
		{AC1CD003-DC72-C90D-BDA0-207A89E186BC}.Release|Any CPU.ActiveCfg = Release|Any CPU
		{AC1CD003-DC72-C90D-BDA0-207A89E186BC}.Release|Any CPU.Build.0 = Release|Any CPU
		{8BDED974-C717-428C-D7B1-F1A2AF4831F1}.Debug|Any CPU.ActiveCfg = Debug|Any CPU
		{8BDED974-C717-428C-D7B1-F1A2AF4831F1}.Debug|Any CPU.Build.0 = Debug|Any CPU
		{8BDED974-C717-428C-D7B1-F1A2AF4831F1}.Release|Any CPU.ActiveCfg = Release|Any CPU
		{8BDED974-C717-428C-D7B1-F1A2AF4831F1}.Release|Any CPU.Build.0 = Release|Any CPU
		{EDE85D92-590F-3D65-5534-7D3948744F78}.Debug|Any CPU.ActiveCfg = Debug|Any CPU
		{EDE85D92-590F-3D65-5534-7D3948744F78}.Debug|Any CPU.Build.0 = Debug|Any CPU
		{EDE85D92-590F-3D65-5534-7D3948744F78}.Release|Any CPU.ActiveCfg = Release|Any CPU
		{EDE85D92-590F-3D65-5534-7D3948744F78}.Release|Any CPU.Build.0 = Release|Any CPU
		{A039143E-4A2A-DD22-EC03-771879B0D08A}.Debug|Any CPU.ActiveCfg = Debug|Any CPU
		{A039143E-4A2A-DD22-EC03-771879B0D08A}.Debug|Any CPU.Build.0 = Debug|Any CPU
		{A039143E-4A2A-DD22-EC03-771879B0D08A}.Release|Any CPU.ActiveCfg = Release|Any CPU
		{A039143E-4A2A-DD22-EC03-771879B0D08A}.Release|Any CPU.Build.0 = Release|Any CPU
		{97651EA6-1D21-3D5D-8AD0-AABA198F3CC9}.Debug|Any CPU.ActiveCfg = Debug|Any CPU
		{97651EA6-1D21-3D5D-8AD0-AABA198F3CC9}.Debug|Any CPU.Build.0 = Debug|Any CPU
		{97651EA6-1D21-3D5D-8AD0-AABA198F3CC9}.Release|Any CPU.ActiveCfg = Release|Any CPU
		{97651EA6-1D21-3D5D-8AD0-AABA198F3CC9}.Release|Any CPU.Build.0 = Release|Any CPU
		{7DDA886F-7022-E231-A5D2-8BDF0FBB44D6}.Debug|Any CPU.ActiveCfg = Debug|Any CPU
		{7DDA886F-7022-E231-A5D2-8BDF0FBB44D6}.Debug|Any CPU.Build.0 = Debug|Any CPU
		{7DDA886F-7022-E231-A5D2-8BDF0FBB44D6}.Release|Any CPU.ActiveCfg = Release|Any CPU
		{7DDA886F-7022-E231-A5D2-8BDF0FBB44D6}.Release|Any CPU.Build.0 = Release|Any CPU
		{D23C3245-50E8-014D-414F-8DE5873F3DB6}.Debug|Any CPU.ActiveCfg = Debug|Any CPU
		{D23C3245-50E8-014D-414F-8DE5873F3DB6}.Debug|Any CPU.Build.0 = Debug|Any CPU
		{D23C3245-50E8-014D-414F-8DE5873F3DB6}.Release|Any CPU.ActiveCfg = Release|Any CPU
		{D23C3245-50E8-014D-414F-8DE5873F3DB6}.Release|Any CPU.Build.0 = Release|Any CPU
		{E51C7E77-318E-9383-5070-24E8B08C8DA8}.Debug|Any CPU.ActiveCfg = Debug|Any CPU
		{E51C7E77-318E-9383-5070-24E8B08C8DA8}.Debug|Any CPU.Build.0 = Debug|Any CPU
		{E51C7E77-318E-9383-5070-24E8B08C8DA8}.Release|Any CPU.ActiveCfg = Release|Any CPU
		{E51C7E77-318E-9383-5070-24E8B08C8DA8}.Release|Any CPU.Build.0 = Release|Any CPU
		{6BB5A0E4-A3ED-EBD8-B86F-21996AABC09A}.Debug|Any CPU.ActiveCfg = Debug|Any CPU
		{6BB5A0E4-A3ED-EBD8-B86F-21996AABC09A}.Debug|Any CPU.Build.0 = Debug|Any CPU
		{6BB5A0E4-A3ED-EBD8-B86F-21996AABC09A}.Release|Any CPU.ActiveCfg = Release|Any CPU
		{6BB5A0E4-A3ED-EBD8-B86F-21996AABC09A}.Release|Any CPU.Build.0 = Release|Any CPU
		{948B931E-367A-A688-41D9-22F99794D491}.Debug|Any CPU.ActiveCfg = Debug|Any CPU
		{948B931E-367A-A688-41D9-22F99794D491}.Debug|Any CPU.Build.0 = Debug|Any CPU
		{948B931E-367A-A688-41D9-22F99794D491}.Release|Any CPU.ActiveCfg = Release|Any CPU
		{948B931E-367A-A688-41D9-22F99794D491}.Release|Any CPU.Build.0 = Release|Any CPU
		{6D66FB2E-78BC-2590-8478-7EE7A290EBD1}.Debug|Any CPU.ActiveCfg = Debug|Any CPU
		{6D66FB2E-78BC-2590-8478-7EE7A290EBD1}.Debug|Any CPU.Build.0 = Debug|Any CPU
		{6D66FB2E-78BC-2590-8478-7EE7A290EBD1}.Release|Any CPU.ActiveCfg = Release|Any CPU
		{6D66FB2E-78BC-2590-8478-7EE7A290EBD1}.Release|Any CPU.Build.0 = Release|Any CPU
		{54BADB52-6CD6-94C6-B6FA-E0A7D539B9EF}.Debug|Any CPU.ActiveCfg = Debug|Any CPU
		{54BADB52-6CD6-94C6-B6FA-E0A7D539B9EF}.Debug|Any CPU.Build.0 = Debug|Any CPU
		{54BADB52-6CD6-94C6-B6FA-E0A7D539B9EF}.Release|Any CPU.ActiveCfg = Release|Any CPU
		{54BADB52-6CD6-94C6-B6FA-E0A7D539B9EF}.Release|Any CPU.Build.0 = Release|Any CPU
	EndGlobalSection
	GlobalSection(SolutionProperties) = preSolution
		HideSolutionNode = FALSE
	EndGlobalSection
	GlobalSection(NestedProjects) = preSolution
		{1F05F0EF-078C-4287-8709-D3218D9ABF7C} = {969543FE-4900-437D-A011-0EEF32960C84}
		{B009D5DB-6D69-460B-AEC2-9A2FE7CC987D} = {969543FE-4900-437D-A011-0EEF32960C84}
		{81C91AC2-F61A-4FBF-934F-2CF94B0E50D2} = {969543FE-4900-437D-A011-0EEF32960C84}
		{6517B3BB-8F95-4D00-9C08-5A8A12317B5C} = {B56A9545-91D4-4C5C-A67C-FF3DAFFE1F88}
		{E094651A-5CCC-41D7-B169-FD833620DAEB} = {B56A9545-91D4-4C5C-A67C-FF3DAFFE1F88}
		{81734EF0-2120-462E-A499-E2730309B669} = {B56A9545-91D4-4C5C-A67C-FF3DAFFE1F88}
		{5C427F1D-2D88-485E-92E4-143A5445DE97} = {B56A9545-91D4-4C5C-A67C-FF3DAFFE1F88}
		{88943D06-59E3-43B8-AB99-76E102203090} = {B56A9545-91D4-4C5C-A67C-FF3DAFFE1F88}
		{8EDBF9EC-D769-40C3-91E9-C86ACCDD5F0C} = {B56A9545-91D4-4C5C-A67C-FF3DAFFE1F88}
		{4B9FF918-A81D-4FEF-A9DC-45EBD062A832} = {B56A9545-91D4-4C5C-A67C-FF3DAFFE1F88}
		{C8CFA1AB-608B-4D02-8744-4D320EB07DC6} = {B56A9545-91D4-4C5C-A67C-FF3DAFFE1F88}
		{7A27DBF9-86C2-4485-87F0-45CBCDBC5180} = {C8CFA1AB-608B-4D02-8744-4D320EB07DC6}
		{0D6182FE-B614-4569-9593-253789AE7932} = {C8CFA1AB-608B-4D02-8744-4D320EB07DC6}
		{7A1F6D8A-B5D3-4E53-9280-765B48EC4A4D} = {079588AA-9AD3-4E1B-BD4A-6E8B9CF096D0}
		{02E89E3D-1CCE-488A-B9AF-B0DDC988A568} = {079588AA-9AD3-4E1B-BD4A-6E8B9CF096D0}
		{479931FD-7A3C-4FFC-9443-26F16854E56B} = {079588AA-9AD3-4E1B-BD4A-6E8B9CF096D0}
		{C62D0B98-722E-4316-869C-D6D409E64F64} = {C8CFA1AB-608B-4D02-8744-4D320EB07DC6}
		{B3E6729F-40CD-2D44-A57D-0F5C044B2607} = {8EDBF9EC-D769-40C3-91E9-C86ACCDD5F0C}
		{2C670D3A-0567-C4FA-0C25-33C5B1E3DD09} = {8EDBF9EC-D769-40C3-91E9-C86ACCDD5F0C}
		{0376ABBC-B0CA-D498-83E2-33A2F4F6182A} = {6517B3BB-8F95-4D00-9C08-5A8A12317B5C}
		{F2359B45-5A76-DAC1-CE22-F700277D1BBA} = {6517B3BB-8F95-4D00-9C08-5A8A12317B5C}
		{12E328EC-7DE6-DEF2-A111-1BC5A703BC1F} = {88943D06-59E3-43B8-AB99-76E102203090}
		{25FFA9DB-EDB2-AF0D-08AD-F27526313D17} = {88943D06-59E3-43B8-AB99-76E102203090}
		{E1BF8FC1-D2FB-B7F7-A0A4-F26308A5148F} = {88943D06-59E3-43B8-AB99-76E102203090}
		{165F78C5-A3D7-B031-BEF7-FA054423AEA6} = {6517B3BB-8F95-4D00-9C08-5A8A12317B5C}
		{6CDAB7B3-DE4F-6FF5-06F0-D824F083F1AF} = {81734EF0-2120-462E-A499-E2730309B669}
		{BCB534B7-739E-96EC-BFCE-5D5A7A12A36F} = {E094651A-5CCC-41D7-B169-FD833620DAEB}
		{AC1CD003-DC72-C90D-BDA0-207A89E186BC} = {E094651A-5CCC-41D7-B169-FD833620DAEB}
		{F30627CB-3D01-4AB6-8324-642215D7DF69} = {B56A9545-91D4-4C5C-A67C-FF3DAFFE1F88}
		{8BDED974-C717-428C-D7B1-F1A2AF4831F1} = {969543FE-4900-437D-A011-0EEF32960C84}
		{EDE85D92-590F-3D65-5534-7D3948744F78} = {F30627CB-3D01-4AB6-8324-642215D7DF69}
		{A039143E-4A2A-DD22-EC03-771879B0D08A} = {F30627CB-3D01-4AB6-8324-642215D7DF69}
		{97651EA6-1D21-3D5D-8AD0-AABA198F3CC9} = {F30627CB-3D01-4AB6-8324-642215D7DF69}
		{7DDA886F-7022-E231-A5D2-8BDF0FBB44D6} = {4B9FF918-A81D-4FEF-A9DC-45EBD062A832}
		{D23C3245-50E8-014D-414F-8DE5873F3DB6} = {4B9FF918-A81D-4FEF-A9DC-45EBD062A832}
		{E51C7E77-318E-9383-5070-24E8B08C8DA8} = {4B9FF918-A81D-4FEF-A9DC-45EBD062A832}
		{6BB5A0E4-A3ED-EBD8-B86F-21996AABC09A} = {5C427F1D-2D88-485E-92E4-143A5445DE97}
		{948B931E-367A-A688-41D9-22F99794D491} = {5C427F1D-2D88-485E-92E4-143A5445DE97}
		{6D66FB2E-78BC-2590-8478-7EE7A290EBD1} = {5C427F1D-2D88-485E-92E4-143A5445DE97}
		{54BADB52-6CD6-94C6-B6FA-E0A7D539B9EF} = {88943D06-59E3-43B8-AB99-76E102203090}
	EndGlobalSection
	GlobalSection(ExtensibilityGlobals) = postSolution
		SolutionGuid = {350114CF-EB57-409C-8DAC-B1C92727CE61}
	EndGlobalSection
EndGlobal
